
Microsoft Visual Studio Solution File, Format Version 12.00
# Visual Studio 15
VisualStudioVersion = 15.0.26430.16
MinimumVisualStudioVersion = 10.0.40219.1
Project("{FAE04EC0-301F-11D3-BF4B-00C04F79EFBC}") = "InlineApplication", "InlineApplication\InlineApplication.csproj", "{1D5104D6-208E-4D8F-B4C8-0E852E197E96}"
EndProject
Project("{FAE04EC0-301F-11D3-BF4B-00C04F79EFBC}") = "DataModul", "DataModul\DataModul.csproj", "{71DC1830-1475-404B-B9A2-219CD8502AB4}"
EndProject
Project("{FAE04EC0-301F-11D3-BF4B-00C04F79EFBC}") = "Interfaces", "Interfaces\Interfaces.csproj", "{623547E1-D44B-4860-98DC-698FC1F64BBD}"
EndProject
Global
	GlobalSection(SolutionConfigurationPlatforms) = preSolution
		Debug|Any CPU = Debug|Any CPU
		Release|Any CPU = Release|Any CPU
	EndGlobalSection
	GlobalSection(ProjectConfigurationPlatforms) = postSolution
		{1D5104D6-208E-4D8F-B4C8-0E852E197E96}.Debug|Any CPU.ActiveCfg = Debug|Any CPU
		{1D5104D6-208E-4D8F-B4C8-0E852E197E96}.Debug|Any CPU.Build.0 = Debug|Any CPU
		{1D5104D6-208E-4D8F-B4C8-0E852E197E96}.Release|Any CPU.ActiveCfg = Release|Any CPU
		{1D5104D6-208E-4D8F-B4C8-0E852E197E96}.Release|Any CPU.Build.0 = Release|Any CPU
		{71DC1830-1475-404B-B9A2-219CD8502AB4}.Debug|Any CPU.ActiveCfg = Debug|Any CPU
		{71DC1830-1475-404B-B9A2-219CD8502AB4}.Debug|Any CPU.Build.0 = Debug|Any CPU
		{71DC1830-1475-404B-B9A2-219CD8502AB4}.Release|Any CPU.ActiveCfg = Release|Any CPU
		{71DC1830-1475-404B-B9A2-219CD8502AB4}.Release|Any CPU.Build.0 = Release|Any CPU
		{623547E1-D44B-4860-98DC-698FC1F64BBD}.Debug|Any CPU.ActiveCfg = Debug|Any CPU
		{623547E1-D44B-4860-98DC-698FC1F64BBD}.Debug|Any CPU.Build.0 = Debug|Any CPU
		{623547E1-D44B-4860-98DC-698FC1F64BBD}.Release|Any CPU.ActiveCfg = Release|Any CPU
		{623547E1-D44B-4860-98DC-698FC1F64BBD}.Release|Any CPU.Build.0 = Release|Any CPU
	EndGlobalSection
	GlobalSection(SolutionProperties) = preSolution
		HideSolutionNode = FALSE
	EndGlobalSection
EndGlobal
